
Microsoft Visual Studio Solution File, Format Version 12.00
# Visual Studio Version 17
VisualStudioVersion = 17.8.34525.116
MinimumVisualStudioVersion = 10.0.40219.1
Project("{FAE04EC0-301F-11D3-BF4B-00C04F79EFBC}") = "CapaEntidades", "CapaEntidades\CapaEntidades.csproj", "{A548ECE6-2D54-4063-812E-3D610226E658}"
EndProject
Project("{FAE04EC0-301F-11D3-BF4B-00C04F79EFBC}") = "CapaLogica", "CapaLogica\CapaLogica.csproj", "{29D7443B-CC7A-476E-9038-ADA1F4CBEE88}"
EndProject
Project("{FAE04EC0-301F-11D3-BF4B-00C04F79EFBC}") = "CapaVista", "CapaVista\CapaVista.csproj", "{F90B341D-DBAC-4E71-B1A3-5FD22B92CAFF}"
EndProject
Global
	GlobalSection(SolutionConfigurationPlatforms) = preSolution
		Debug|Any CPU = Debug|Any CPU
		Release|Any CPU = Release|Any CPU
	EndGlobalSection
	GlobalSection(ProjectConfigurationPlatforms) = postSolution
		{A548ECE6-2D54-4063-812E-3D610226E658}.Debug|Any CPU.ActiveCfg = Debug|Any CPU
		{A548ECE6-2D54-4063-812E-3D610226E658}.Debug|Any CPU.Build.0 = Debug|Any CPU
		{A548ECE6-2D54-4063-812E-3D610226E658}.Release|Any CPU.ActiveCfg = Release|Any CPU
		{A548ECE6-2D54-4063-812E-3D610226E658}.Release|Any CPU.Build.0 = Release|Any CPU
		{29D7443B-CC7A-476E-9038-ADA1F4CBEE88}.Debug|Any CPU.ActiveCfg = Debug|Any CPU
		{29D7443B-CC7A-476E-9038-ADA1F4CBEE88}.Debug|Any CPU.Build.0 = Debug|Any CPU
		{29D7443B-CC7A-476E-9038-ADA1F4CBEE88}.Release|Any CPU.ActiveCfg = Release|Any CPU
		{29D7443B-CC7A-476E-9038-ADA1F4CBEE88}.Release|Any CPU.Build.0 = Release|Any CPU
		{F90B341D-DBAC-4E71-B1A3-5FD22B92CAFF}.Debug|Any CPU.ActiveCfg = Debug|Any CPU
		{F90B341D-DBAC-4E71-B1A3-5FD22B92CAFF}.Debug|Any CPU.Build.0 = Debug|Any CPU
		{F90B341D-DBAC-4E71-B1A3-5FD22B92CAFF}.Release|Any CPU.ActiveCfg = Release|Any CPU
		{F90B341D-DBAC-4E71-B1A3-5FD22B92CAFF}.Release|Any CPU.Build.0 = Release|Any CPU
	EndGlobalSection
	GlobalSection(SolutionProperties) = preSolution
		HideSolutionNode = FALSE
	EndGlobalSection
	GlobalSection(ExtensibilityGlobals) = postSolution
		SolutionGuid = {CBB6C325-7ADB-4CA8-A608-20891F3DAD1A}
	EndGlobalSection
EndGlobal
